
Microsoft Visual Studio Solution File, Format Version 12.00
# Visual Studio Version 17
VisualStudioVersion = 17.7.34024.191
MinimumVisualStudioVersion = 10.0.40219.1
Project("{9A19103F-16F7-4668-BE54-9A1E7A4F7556}") = "DemoListOrders", "DemoListOrders.csproj", "{AB700B0A-E810-44B8-8C5D-85D0B6046825}"
EndProject
Global
	GlobalSection(SolutionConfigurationPlatforms) = preSolution
		Debug|Any CPU = Debug|Any CPU
		Release|Any CPU = Release|Any CPU
	EndGlobalSection
	GlobalSection(ProjectConfigurationPlatforms) = postSolution
		{AB700B0A-E810-44B8-8C5D-85D0B6046825}.Debug|Any CPU.ActiveCfg = Debug|Any CPU
		{AB700B0A-E810-44B8-8C5D-85D0B6046825}.Debug|Any CPU.Build.0 = Debug|Any CPU
		{AB700B0A-E810-44B8-8C5D-85D0B6046825}.Release|Any CPU.ActiveCfg = Release|Any CPU
		{AB700B0A-E810-44B8-8C5D-85D0B6046825}.Release|Any CPU.Build.0 = Release|Any CPU
	EndGlobalSection
	GlobalSection(SolutionProperties) = preSolution
		HideSolutionNode = FALSE
	EndGlobalSection
	GlobalSection(ExtensibilityGlobals) = postSolution
		SolutionGuid = {A73BC770-FD00-476F-ACD0-DF5367F05176}
	EndGlobalSection
EndGlobal
